// !$*UTF8*$!
{
	archiveVersion = 1;
	classes = {
	};
	objectVersion = 51;
	objects = {

/* Begin PBXBuildFile section */
		1880FCEE243B700100965E13 /* PetTableViewCell.swift in Sources */ = {isa = PBXBuildFile; fileRef = 1880FCEC243B700100965E13 /* PetTableViewCell.swift */; };
		1880FCEF243B700100965E13 /* PetTableViewCell.xib in Resources */ = {isa = PBXBuildFile; fileRef = 1880FCED243B700100965E13 /* PetTableViewCell.xib */; };
		1880FCF2243B707600965E13 /* PetListViewModel.swift in Sources */ = {isa = PBXBuildFile; fileRef = 1880FCF1243B707600965E13 /* PetListViewModel.swift */; };
		1880FCF4243B708300965E13 /* PetListViewModelProtocol.swift in Sources */ = {isa = PBXBuildFile; fileRef = 1880FCF3243B708300965E13 /* PetListViewModelProtocol.swift */; };
		1880FCF6243B771000965E13 /* PetFlow.swift in Sources */ = {isa = PBXBuildFile; fileRef = 1880FCF5243B771000965E13 /* PetFlow.swift */; };
		1880FCF9243B77B500965E13 /* PetFlowStep.swift in Sources */ = {isa = PBXBuildFile; fileRef = 1880FCF8243B77B500965E13 /* PetFlowStep.swift */; };
		1880FCFB243B796400965E13 /* PetListConfigurator.swift in Sources */ = {isa = PBXBuildFile; fileRef = 1880FCFA243B796400965E13 /* PetListConfigurator.swift */; };
		1880FCFD243B79AE00965E13 /* Pet.swift in Sources */ = {isa = PBXBuildFile; fileRef = 1880FCFC243B79AE00965E13 /* Pet.swift */; };
		1880FD02243B810900965E13 /* PetFlowStepper.swift in Sources */ = {isa = PBXBuildFile; fileRef = 1880FD01243B810900965E13 /* PetFlowStepper.swift */; };
		1880FD06243B89D400965E13 /* PetDetailViewController.swift in Sources */ = {isa = PBXBuildFile; fileRef = 1880FD04243B89D400965E13 /* PetDetailViewController.swift */; };
		1880FD07243B89D400965E13 /* PetDetailViewController.xib in Resources */ = {isa = PBXBuildFile; fileRef = 1880FD05243B89D400965E13 /* PetDetailViewController.xib */; };
		1880FD0A243B8B4000965E13 /* PetDetailViewModelProtocol.swift in Sources */ = {isa = PBXBuildFile; fileRef = 1880FD09243B8B4000965E13 /* PetDetailViewModelProtocol.swift */; };
		1880FD0C243B8BA800965E13 /* PetDetailViewModel.swift in Sources */ = {isa = PBXBuildFile; fileRef = 1880FD0B243B8BA800965E13 /* PetDetailViewModel.swift */; };
		1880FD0E243B8CB600965E13 /* PetDetailConfigurator.swift in Sources */ = {isa = PBXBuildFile; fileRef = 1880FD0D243B8CB600965E13 /* PetDetailConfigurator.swift */; };
		1880FD10243B93F800965E13 /* PetService.swift in Sources */ = {isa = PBXBuildFile; fileRef = 1880FD0F243B93F800965E13 /* PetService.swift */; };
		1880FD13243B943700965E13 /* PetServiceProtocol.swift in Sources */ = {isa = PBXBuildFile; fileRef = 1880FD12243B943700965E13 /* PetServiceProtocol.swift */; };
		1880FD15243B9E8400965E13 /* AppFlow.swift in Sources */ = {isa = PBXBuildFile; fileRef = 1880FD14243B9E8400965E13 /* AppFlow.swift */; };
		1880FD19243BA24E00965E13 /* AppFlowCoordinator.swift in Sources */ = {isa = PBXBuildFile; fileRef = 1880FD18243BA24E00965E13 /* AppFlowCoordinator.swift */; };
		1880FD1C243BA3FE00965E13 /* AppFlowCoordinatorProtocol.swift in Sources */ = {isa = PBXBuildFile; fileRef = 1880FD1B243BA3FE00965E13 /* AppFlowCoordinatorProtocol.swift */; };
		1880FD1E243BA56B00965E13 /* AppFlowStep.swift in Sources */ = {isa = PBXBuildFile; fileRef = 1880FD1D243BA56B00965E13 /* AppFlowStep.swift */; };
		1880FD20243BA5D300965E13 /* AppFlowStepper.swift in Sources */ = {isa = PBXBuildFile; fileRef = 1880FD1F243BA5D300965E13 /* AppFlowStepper.swift */; };
		18BF37E3243BB3AD009A4E35 /* BaseViewModel.swift in Sources */ = {isa = PBXBuildFile; fileRef = 18BF37E2243BB3AD009A4E35 /* BaseViewModel.swift */; };
		18BF37E6243BB3C8009A4E35 /* BaseViewController.swift in Sources */ = {isa = PBXBuildFile; fileRef = 18BF37E5243BB3C8009A4E35 /* BaseViewController.swift */; };
		18BF37E8243BB3E3009A4E35 /* BaseViewModelProtocol.swift in Sources */ = {isa = PBXBuildFile; fileRef = 18BF37E7243BB3E3009A4E35 /* BaseViewModelProtocol.swift */; };
		18C7EE1D243B5EE700546FFD /* AppDelegate.swift in Sources */ = {isa = PBXBuildFile; fileRef = 18C7EE1C243B5EE700546FFD /* AppDelegate.swift */; };
		18C7EE26243B5EE800546FFD /* Assets.xcassets in Resources */ = {isa = PBXBuildFile; fileRef = 18C7EE25243B5EE800546FFD /* Assets.xcassets */; };
		18C7EE29243B5EE800546FFD /* LaunchScreen.storyboard in Resources */ = {isa = PBXBuildFile; fileRef = 18C7EE27243B5EE800546FFD /* LaunchScreen.storyboard */; };
		18C7EE37243B6F8E00546FFD /* PetListViewController.xib in Resources */ = {isa = PBXBuildFile; fileRef = 18C7EE35243B6F8E00546FFD /* PetListViewController.xib */; };
		18C7EE38243B6F8E00546FFD /* PetListViewController.swift in Sources */ = {isa = PBXBuildFile; fileRef = 18C7EE36243B6F8E00546FFD /* PetListViewController.swift */; };
		F6C9A4515372CD330314CA4D /* Pods_RxFlowDemo.framework in Frameworks */ = {isa = PBXBuildFile; fileRef = FF3A3926C6C3D97439E435F9 /* Pods_RxFlowDemo.framework */; };
/* End PBXBuildFile section */

/* Begin PBXFileReference section */
		1880FCEC243B700100965E13 /* PetTableViewCell.swift */ = {isa = PBXFileReference; lastKnownFileType = sourcecode.swift; path = PetTableViewCell.swift; sourceTree = "<group>"; };
		1880FCED243B700100965E13 /* PetTableViewCell.xib */ = {isa = PBXFileReference; lastKnownFileType = file.xib; path = PetTableViewCell.xib; sourceTree = "<group>"; };
		1880FCF1243B707600965E13 /* PetListViewModel.swift */ = {isa = PBXFileReference; lastKnownFileType = sourcecode.swift; path = PetListViewModel.swift; sourceTree = "<group>"; };
		1880FCF3243B708300965E13 /* PetListViewModelProtocol.swift */ = {isa = PBXFileReference; lastKnownFileType = sourcecode.swift; path = PetListViewModelProtocol.swift; sourceTree = "<group>"; };
		1880FCF5243B771000965E13 /* PetFlow.swift */ = {isa = PBXFileReference; lastKnownFileType = sourcecode.swift; path = PetFlow.swift; sourceTree = "<group>"; };
		1880FCF8243B77B500965E13 /* PetFlowStep.swift */ = {isa = PBXFileReference; lastKnownFileType = sourcecode.swift; path = PetFlowStep.swift; sourceTree = "<group>"; };
		1880FCFA243B796400965E13 /* PetListConfigurator.swift */ = {isa = PBXFileReference; lastKnownFileType = sourcecode.swift; path = PetListConfigurator.swift; sourceTree = "<group>"; };
		1880FCFC243B79AE00965E13 /* Pet.swift */ = {isa = PBXFileReference; lastKnownFileType = sourcecode.swift; path = Pet.swift; sourceTree = "<group>"; };
		1880FD01243B810900965E13 /* PetFlowStepper.swift */ = {isa = PBXFileReference; lastKnownFileType = sourcecode.swift; path = PetFlowStepper.swift; sourceTree = "<group>"; };
		1880FD04243B89D400965E13 /* PetDetailViewController.swift */ = {isa = PBXFileReference; lastKnownFileType = sourcecode.swift; path = PetDetailViewController.swift; sourceTree = "<group>"; };
		1880FD05243B89D400965E13 /* PetDetailViewController.xib */ = {isa = PBXFileReference; lastKnownFileType = file.xib; path = PetDetailViewController.xib; sourceTree = "<group>"; };
		1880FD09243B8B4000965E13 /* PetDetailViewModelProtocol.swift */ = {isa = PBXFileReference; lastKnownFileType = sourcecode.swift; path = PetDetailViewModelProtocol.swift; sourceTree = "<group>"; };
		1880FD0B243B8BA800965E13 /* PetDetailViewModel.swift */ = {isa = PBXFileReference; lastKnownFileType = sourcecode.swift; path = PetDetailViewModel.swift; sourceTree = "<group>"; };
		1880FD0D243B8CB600965E13 /* PetDetailConfigurator.swift */ = {isa = PBXFileReference; lastKnownFileType = sourcecode.swift; path = PetDetailConfigurator.swift; sourceTree = "<group>"; };
		1880FD0F243B93F800965E13 /* PetService.swift */ = {isa = PBXFileReference; lastKnownFileType = sourcecode.swift; path = PetService.swift; sourceTree = "<group>"; };
		1880FD12243B943700965E13 /* PetServiceProtocol.swift */ = {isa = PBXFileReference; lastKnownFileType = sourcecode.swift; path = PetServiceProtocol.swift; sourceTree = "<group>"; };
		1880FD14243B9E8400965E13 /* AppFlow.swift */ = {isa = PBXFileReference; lastKnownFileType = sourcecode.swift; path = AppFlow.swift; sourceTree = "<group>"; };
		1880FD18243BA24E00965E13 /* AppFlowCoordinator.swift */ = {isa = PBXFileReference; lastKnownFileType = sourcecode.swift; path = AppFlowCoordinator.swift; sourceTree = "<group>"; };
		1880FD1B243BA3FE00965E13 /* AppFlowCoordinatorProtocol.swift */ = {isa = PBXFileReference; lastKnownFileType = sourcecode.swift; path = AppFlowCoordinatorProtocol.swift; sourceTree = "<group>"; };
		1880FD1D243BA56B00965E13 /* AppFlowStep.swift */ = {isa = PBXFileReference; lastKnownFileType = sourcecode.swift; path = AppFlowStep.swift; sourceTree = "<group>"; };
		1880FD1F243BA5D300965E13 /* AppFlowStepper.swift */ = {isa = PBXFileReference; lastKnownFileType = sourcecode.swift; path = AppFlowStepper.swift; sourceTree = "<group>"; };
		18BF37E2243BB3AD009A4E35 /* BaseViewModel.swift */ = {isa = PBXFileReference; lastKnownFileType = sourcecode.swift; path = BaseViewModel.swift; sourceTree = "<group>"; };
		18BF37E5243BB3C8009A4E35 /* BaseViewController.swift */ = {isa = PBXFileReference; lastKnownFileType = sourcecode.swift; path = BaseViewController.swift; sourceTree = "<group>"; };
		18BF37E7243BB3E3009A4E35 /* BaseViewModelProtocol.swift */ = {isa = PBXFileReference; lastKnownFileType = sourcecode.swift; path = BaseViewModelProtocol.swift; sourceTree = "<group>"; };
		18C7EE19243B5EE700546FFD /* RxFlowDemo.app */ = {isa = PBXFileReference; explicitFileType = wrapper.application; includeInIndex = 0; path = RxFlowDemo.app; sourceTree = BUILT_PRODUCTS_DIR; };
		18C7EE1C243B5EE700546FFD /* AppDelegate.swift */ = {isa = PBXFileReference; lastKnownFileType = sourcecode.swift; path = AppDelegate.swift; sourceTree = "<group>"; };
		18C7EE25243B5EE800546FFD /* Assets.xcassets */ = {isa = PBXFileReference; lastKnownFileType = folder.assetcatalog; path = Assets.xcassets; sourceTree = "<group>"; };
		18C7EE28243B5EE800546FFD /* Base */ = {isa = PBXFileReference; lastKnownFileType = file.storyboard; name = Base; path = Base.lproj/LaunchScreen.storyboard; sourceTree = "<group>"; };
		18C7EE2A243B5EE800546FFD /* Info.plist */ = {isa = PBXFileReference; lastKnownFileType = text.plist.xml; path = Info.plist; sourceTree = "<group>"; };
		18C7EE35243B6F8E00546FFD /* PetListViewController.xib */ = {isa = PBXFileReference; fileEncoding = 4; lastKnownFileType = file.xib; path = PetListViewController.xib; sourceTree = "<group>"; };
		18C7EE36243B6F8E00546FFD /* PetListViewController.swift */ = {isa = PBXFileReference; fileEncoding = 4; lastKnownFileType = sourcecode.swift; path = PetListViewController.swift; sourceTree = "<group>"; };
		46F99AE4BD64A51EE988D996 /* Pods-RxFlowDemo.release.xcconfig */ = {isa = PBXFileReference; includeInIndex = 1; lastKnownFileType = text.xcconfig; name = "Pods-RxFlowDemo.release.xcconfig"; path = "Target Support Files/Pods-RxFlowDemo/Pods-RxFlowDemo.release.xcconfig"; sourceTree = "<group>"; };
		97AC8B9656DAC504F54D3AEA /* Pods-RxFlowDemo.debug.xcconfig */ = {isa = PBXFileReference; includeInIndex = 1; lastKnownFileType = text.xcconfig; name = "Pods-RxFlowDemo.debug.xcconfig"; path = "Target Support Files/Pods-RxFlowDemo/Pods-RxFlowDemo.debug.xcconfig"; sourceTree = "<group>"; };
		FF3A3926C6C3D97439E435F9 /* Pods_RxFlowDemo.framework */ = {isa = PBXFileReference; explicitFileType = wrapper.framework; includeInIndex = 0; path = Pods_RxFlowDemo.framework; sourceTree = BUILT_PRODUCTS_DIR; };
/* End PBXFileReference section */

/* Begin PBXFrameworksBuildPhase section */
		18C7EE16243B5EE700546FFD /* Frameworks */ = {
			isa = PBXFrameworksBuildPhase;
			buildActionMask = 2147483647;
			files = (
				F6C9A4515372CD330314CA4D /* Pods_RxFlowDemo.framework in Frameworks */,
			);
			runOnlyForDeploymentPostprocessing = 0;
		};
/* End PBXFrameworksBuildPhase section */

/* Begin PBXGroup section */
		1880FCF0243B700900965E13 /* Cell */ = {
			isa = PBXGroup;
			children = (
				1880FCEC243B700100965E13 /* PetTableViewCell.swift */,
				1880FCED243B700100965E13 /* PetTableViewCell.xib */,
			);
			path = Cell;
			sourceTree = "<group>";
		};
		1880FCF7243B771600965E13 /* Flows */ = {
			isa = PBXGroup;
			children = (
				1880FD17243B9EAE00965E13 /* AppFlow */,
				1880FD16243B9E9400965E13 /* PetFlow */,
			);
			path = Flows;
			sourceTree = "<group>";
		};
		1880FD03243B89B800965E13 /* Screens */ = {
			isa = PBXGroup;
			children = (
				18C7EE34243B6EFE00546FFD /* PetList */,
				1880FD08243B89DC00965E13 /* PetDetail */,
			);
			path = Screens;
			sourceTree = "<group>";
		};
		1880FD08243B89DC00965E13 /* PetDetail */ = {
			isa = PBXGroup;
			children = (
				1880FD04243B89D400965E13 /* PetDetailViewController.swift */,
				1880FD05243B89D400965E13 /* PetDetailViewController.xib */,
				1880FD09243B8B4000965E13 /* PetDetailViewModelProtocol.swift */,
				1880FD0B243B8BA800965E13 /* PetDetailViewModel.swift */,
				1880FD0D243B8CB600965E13 /* PetDetailConfigurator.swift */,
			);
			path = PetDetail;
			sourceTree = "<group>";
		};
		1880FD11243B93FE00965E13 /* Services */ = {
			isa = PBXGroup;
			children = (
				1880FD0F243B93F800965E13 /* PetService.swift */,
				1880FD12243B943700965E13 /* PetServiceProtocol.swift */,
			);
			path = Services;
			sourceTree = "<group>";
		};
		1880FD16243B9E9400965E13 /* PetFlow */ = {
			isa = PBXGroup;
			children = (
				1880FCF5243B771000965E13 /* PetFlow.swift */,
				1880FCF8243B77B500965E13 /* PetFlowStep.swift */,
				1880FD01243B810900965E13 /* PetFlowStepper.swift */,
			);
			name = PetFlow;
			path = PetFlow/PetFlow;
			sourceTree = "<group>";
		};
		1880FD17243B9EAE00965E13 /* AppFlow */ = {
			isa = PBXGroup;
			children = (
				1880FD14243B9E8400965E13 /* AppFlow.swift */,
				1880FD1D243BA56B00965E13 /* AppFlowStep.swift */,
				1880FD1F243BA5D300965E13 /* AppFlowStepper.swift */,
			);
			path = AppFlow;
			sourceTree = "<group>";
		};
		1880FD1A243BA3C400965E13 /* Coordinator */ = {
			isa = PBXGroup;
			children = (
				1880FD18243BA24E00965E13 /* AppFlowCoordinator.swift */,
				1880FD1B243BA3FE00965E13 /* AppFlowCoordinatorProtocol.swift */,
			);
			path = Coordinator;
			sourceTree = "<group>";
		};
		18BF37E4243BB3B4009A4E35 /* Base */ = {
			isa = PBXGroup;
			children = (
				18BF37E2243BB3AD009A4E35 /* BaseViewModel.swift */,
				18BF37E5243BB3C8009A4E35 /* BaseViewController.swift */,
				18BF37E7243BB3E3009A4E35 /* BaseViewModelProtocol.swift */,
			);
			path = Base;
			sourceTree = "<group>";
		};
		18C7EE10243B5EE700546FFD = {
			isa = PBXGroup;
			children = (
				18C7EE1B243B5EE700546FFD /* RxFlowDemo */,
				18C7EE1A243B5EE700546FFD /* Products */,
				F91B7B4992F1E0E2F0DB76A4 /* Pods */,
				69DC9DF93CB337EDA7DCDCDF /* Frameworks */,
			);
			sourceTree = "<group>";
		};
		18C7EE1A243B5EE700546FFD /* Products */ = {
			isa = PBXGroup;
			children = (
				18C7EE19243B5EE700546FFD /* RxFlowDemo.app */,
			);
			name = Products;
			sourceTree = "<group>";
		};
		18C7EE1B243B5EE700546FFD /* RxFlowDemo */ = {
			isa = PBXGroup;
			children = (
				18BF37E4243BB3B4009A4E35 /* Base */,
				1880FD11243B93FE00965E13 /* Services */,
				1880FD1A243BA3C400965E13 /* Coordinator */,
				1880FCF7243B771600965E13 /* Flows */,
				1880FD03243B89B800965E13 /* Screens */,
				18C7EE1C243B5EE700546FFD /* AppDelegate.swift */,
				18C7EE25243B5EE800546FFD /* Assets.xcassets */,
				18C7EE27243B5EE800546FFD /* LaunchScreen.storyboard */,
				18C7EE2A243B5EE800546FFD /* Info.plist */,
			);
			path = RxFlowDemo;
			sourceTree = "<group>";
		};
		18C7EE34243B6EFE00546FFD /* PetList */ = {
			isa = PBXGroup;
			children = (
				1880FCF0243B700900965E13 /* Cell */,
				18C7EE35243B6F8E00546FFD /* PetListViewController.xib */,
				18C7EE36243B6F8E00546FFD /* PetListViewController.swift */,
				1880FCF3243B708300965E13 /* PetListViewModelProtocol.swift */,
				1880FCF1243B707600965E13 /* PetListViewModel.swift */,
				1880FCFA243B796400965E13 /* PetListConfigurator.swift */,
				1880FCFC243B79AE00965E13 /* Pet.swift */,
			);
			path = PetList;
			sourceTree = "<group>";
		};
		69DC9DF93CB337EDA7DCDCDF /* Frameworks */ = {
			isa = PBXGroup;
			children = (
				FF3A3926C6C3D97439E435F9 /* Pods_RxFlowDemo.framework */,
			);
			name = Frameworks;
			sourceTree = "<group>";
		};
		F91B7B4992F1E0E2F0DB76A4 /* Pods */ = {
			isa = PBXGroup;
			children = (
				97AC8B9656DAC504F54D3AEA /* Pods-RxFlowDemo.debug.xcconfig */,
				46F99AE4BD64A51EE988D996 /* Pods-RxFlowDemo.release.xcconfig */,
			);
			path = Pods;
			sourceTree = "<group>";
		};
/* End PBXGroup section */

/* Begin PBXNativeTarget section */
		18C7EE18243B5EE700546FFD /* RxFlowDemo */ = {
			isa = PBXNativeTarget;
			buildConfigurationList = 18C7EE2D243B5EE800546FFD /* Build configuration list for PBXNativeTarget "RxFlowDemo" */;
			buildPhases = (
				312829DD7C0136656649F069 /* [CP] Check Pods Manifest.lock */,
				18C7EE15243B5EE700546FFD /* Sources */,
				18C7EE16243B5EE700546FFD /* Frameworks */,
				18C7EE17243B5EE700546FFD /* Resources */,
				E3BE4A47A183D1630670956C /* [CP] Embed Pods Frameworks */,
			);
			buildRules = (
			);
			dependencies = (
			);
			name = RxFlowDemo;
			productName = RxFlowDemo;
			productReference = 18C7EE19243B5EE700546FFD /* RxFlowDemo.app */;
			productType = "com.apple.product-type.application";
		};
/* End PBXNativeTarget section */

/* Begin PBXProject section */
		18C7EE11243B5EE700546FFD /* Project object */ = {
			isa = PBXProject;
			attributes = {
				LastSwiftUpdateCheck = 1140;
				LastUpgradeCheck = 1140;
				ORGANIZATIONNAME = "Рузманов Александр Юрьевич";
				TargetAttributes = {
					18C7EE18243B5EE700546FFD = {
						CreatedOnToolsVersion = 11.4;
					};
				};
			};
			buildConfigurationList = 18C7EE14243B5EE700546FFD /* Build configuration list for PBXProject "RxFlowDemo" */;
			compatibilityVersion = "Xcode 9.3";
			developmentRegion = en;
			hasScannedForEncodings = 0;
			knownRegions = (
				en,
				Base,
			);
			mainGroup = 18C7EE10243B5EE700546FFD;
			productRefGroup = 18C7EE1A243B5EE700546FFD /* Products */;
			projectDirPath = "";
			projectRoot = "";
			targets = (
				18C7EE18243B5EE700546FFD /* RxFlowDemo */,
			);
		};
/* End PBXProject section */

/* Begin PBXResourcesBuildPhase section */
		18C7EE17243B5EE700546FFD /* Resources */ = {
			isa = PBXResourcesBuildPhase;
			buildActionMask = 2147483647;
			files = (
				18C7EE37243B6F8E00546FFD /* PetListViewController.xib in Resources */,
				1880FD07243B89D400965E13 /* PetDetailViewController.xib in Resources */,
				1880FCEF243B700100965E13 /* PetTableViewCell.xib in Resources */,
				18C7EE29243B5EE800546FFD /* LaunchScreen.storyboard in Resources */,
				18C7EE26243B5EE800546FFD /* Assets.xcassets in Resources */,
			);
			runOnlyForDeploymentPostprocessing = 0;
		};
/* End PBXResourcesBuildPhase section */

/* Begin PBXShellScriptBuildPhase section */
		312829DD7C0136656649F069 /* [CP] Check Pods Manifest.lock */ = {
			isa = PBXShellScriptBuildPhase;
			buildActionMask = 2147483647;
			files = (
			);
			inputFileListPaths = (
			);
			inputPaths = (
				"${PODS_PODFILE_DIR_PATH}/Podfile.lock",
				"${PODS_ROOT}/Manifest.lock",
			);
			name = "[CP] Check Pods Manifest.lock";
			outputFileListPaths = (
			);
			outputPaths = (
				"$(DERIVED_FILE_DIR)/Pods-RxFlowDemo-checkManifestLockResult.txt",
			);
			runOnlyForDeploymentPostprocessing = 0;
			shellPath = /bin/sh;
			shellScript = "diff \"${PODS_PODFILE_DIR_PATH}/Podfile.lock\" \"${PODS_ROOT}/Manifest.lock\" > /dev/null\nif [ $? != 0 ] ; then\n    # print error to STDERR\n    echo \"error: The sandbox is not in sync with the Podfile.lock. Run 'pod install' or update your CocoaPods installation.\" >&2\n    exit 1\nfi\n# This output is used by Xcode 'outputs' to avoid re-running this script phase.\necho \"SUCCESS\" > \"${SCRIPT_OUTPUT_FILE_0}\"\n";
			showEnvVarsInLog = 0;
		};
		E3BE4A47A183D1630670956C /* [CP] Embed Pods Frameworks */ = {
			isa = PBXShellScriptBuildPhase;
			buildActionMask = 2147483647;
			files = (
			);
			inputFileListPaths = (
				"${PODS_ROOT}/Target Support Files/Pods-RxFlowDemo/Pods-RxFlowDemo-frameworks-${CONFIGURATION}-input-files.xcfilelist",
			);
			name = "[CP] Embed Pods Frameworks";
			outputFileListPaths = (
				"${PODS_ROOT}/Target Support Files/Pods-RxFlowDemo/Pods-RxFlowDemo-frameworks-${CONFIGURATION}-output-files.xcfilelist",
			);
			runOnlyForDeploymentPostprocessing = 0;
			shellPath = /bin/sh;
			shellScript = "\"${PODS_ROOT}/Target Support Files/Pods-RxFlowDemo/Pods-RxFlowDemo-frameworks.sh\"\n";
			showEnvVarsInLog = 0;
		};
/* End PBXShellScriptBuildPhase section */

/* Begin PBXSourcesBuildPhase section */
		18C7EE15243B5EE700546FFD /* Sources */ = {
			isa = PBXSourcesBuildPhase;
			buildActionMask = 2147483647;
			files = (
				18C7EE38243B6F8E00546FFD /* PetListViewController.swift in Sources */,
				18BF37E3243BB3AD009A4E35 /* BaseViewModel.swift in Sources */,
				1880FCF6243B771000965E13 /* PetFlow.swift in Sources */,
				18BF37E6243BB3C8009A4E35 /* BaseViewController.swift in Sources */,
				1880FCEE243B700100965E13 /* PetTableViewCell.swift in Sources */,
				1880FD0C243B8BA800965E13 /* PetDetailViewModel.swift in Sources */,
				1880FCF4243B708300965E13 /* PetListViewModelProtocol.swift in Sources */,
				1880FCFB243B796400965E13 /* PetListConfigurator.swift in Sources */,
				1880FD20243BA5D300965E13 /* AppFlowStepper.swift in Sources */,
				1880FCFD243B79AE00965E13 /* Pet.swift in Sources */,
				1880FD0A243B8B4000965E13 /* PetDetailViewModelProtocol.swift in Sources */,
				1880FCF2243B707600965E13 /* PetListViewModel.swift in Sources */,
				1880FD15243B9E8400965E13 /* AppFlow.swift in Sources */,
				1880FD10243B93F800965E13 /* PetService.swift in Sources */,
				1880FD1C243BA3FE00965E13 /* AppFlowCoordinatorProtocol.swift in Sources */,
				18BF37E8243BB3E3009A4E35 /* BaseViewModelProtocol.swift in Sources */,
				1880FD02243B810900965E13 /* PetFlowStepper.swift in Sources */,
				1880FD1E243BA56B00965E13 /* AppFlowStep.swift in Sources */,
				1880FCF9243B77B500965E13 /* PetFlowStep.swift in Sources */,
				1880FD0E243B8CB600965E13 /* PetDetailConfigurator.swift in Sources */,
				1880FD19243BA24E00965E13 /* AppFlowCoordinator.swift in Sources */,
				18C7EE1D243B5EE700546FFD /* AppDelegate.swift in Sources */,
				1880FD06243B89D400965E13 /* PetDetailViewController.swift in Sources */,
				1880FD13243B943700965E13 /* PetServiceProtocol.swift in Sources */,
			);
			runOnlyForDeploymentPostprocessing = 0;
		};
/* End PBXSourcesBuildPhase section */

/* Begin PBXVariantGroup section */
		18C7EE27243B5EE800546FFD /* LaunchScreen.storyboard */ = {
			isa = PBXVariantGroup;
			children = (
				18C7EE28243B5EE800546FFD /* Base */,
			);
			name = LaunchScreen.storyboard;
			sourceTree = "<group>";
		};
/* End PBXVariantGroup section */

/* Begin XCBuildConfiguration section */
		18C7EE2B243B5EE800546FFD /* Debug */ = {
			isa = XCBuildConfiguration;
			buildSettings = {
				ALWAYS_SEARCH_USER_PATHS = NO;
				CLANG_ANALYZER_NONNULL = YES;
				CLANG_ANALYZER_NUMBER_OBJECT_CONVERSION = YES_AGGRESSIVE;
				CLANG_CXX_LANGUAGE_STANDARD = "gnu++14";
				CLANG_CXX_LIBRARY = "libc++";
				CLANG_ENABLE_MODULES = YES;
				CLANG_ENABLE_OBJC_ARC = YES;
				CLANG_ENABLE_OBJC_WEAK = YES;
				CLANG_WARN_BLOCK_CAPTURE_AUTORELEASING = YES;
				CLANG_WARN_BOOL_CONVERSION = YES;
				CLANG_WARN_COMMA = YES;
				CLANG_WARN_CONSTANT_CONVERSION = YES;
				CLANG_WARN_DEPRECATED_OBJC_IMPLEMENTATIONS = YES;
				CLANG_WARN_DIRECT_OBJC_ISA_USAGE = YES_ERROR;
				CLANG_WARN_DOCUMENTATION_COMMENTS = YES;
				CLANG_WARN_EMPTY_BODY = YES;
				CLANG_WARN_ENUM_CONVERSION = YES;
				CLANG_WARN_INFINITE_RECURSION = YES;
				CLANG_WARN_INT_CONVERSION = YES;
				CLANG_WARN_NON_LITERAL_NULL_CONVERSION = YES;
				CLANG_WARN_OBJC_IMPLICIT_RETAIN_SELF = YES;
				CLANG_WARN_OBJC_LITERAL_CONVERSION = YES;
				CLANG_WARN_OBJC_ROOT_CLASS = YES_ERROR;
				CLANG_WARN_RANGE_LOOP_ANALYSIS = YES;
				CLANG_WARN_STRICT_PROTOTYPES = YES;
				CLANG_WARN_SUSPICIOUS_MOVE = YES;
				CLANG_WARN_UNGUARDED_AVAILABILITY = YES_AGGRESSIVE;
				CLANG_WARN_UNREACHABLE_CODE = YES;
				CLANG_WARN__DUPLICATE_METHOD_MATCH = YES;
				COPY_PHASE_STRIP = NO;
				DEBUG_INFORMATION_FORMAT = dwarf;
				ENABLE_STRICT_OBJC_MSGSEND = YES;
				ENABLE_TESTABILITY = YES;
				GCC_C_LANGUAGE_STANDARD = gnu11;
				GCC_DYNAMIC_NO_PIC = NO;
				GCC_NO_COMMON_BLOCKS = YES;
				GCC_OPTIMIZATION_LEVEL = 0;
				GCC_PREPROCESSOR_DEFINITIONS = (
					"DEBUG=1",
					"$(inherited)",
				);
				GCC_WARN_64_TO_32_BIT_CONVERSION = YES;
				GCC_WARN_ABOUT_RETURN_TYPE = YES_ERROR;
				GCC_WARN_UNDECLARED_SELECTOR = YES;
				GCC_WARN_UNINITIALIZED_AUTOS = YES_AGGRESSIVE;
				GCC_WARN_UNUSED_FUNCTION = YES;
				GCC_WARN_UNUSED_VARIABLE = YES;
				IPHONEOS_DEPLOYMENT_TARGET = 13.4;
				MTL_ENABLE_DEBUG_INFO = INCLUDE_SOURCE;
				MTL_FAST_MATH = YES;
				ONLY_ACTIVE_ARCH = YES;
				SDKROOT = iphoneos;
				SWIFT_ACTIVE_COMPILATION_CONDITIONS = DEBUG;
				SWIFT_OPTIMIZATION_LEVEL = "-Onone";
			};
			name = Debug;
		};
		18C7EE2C243B5EE800546FFD /* Release */ = {
			isa = XCBuildConfiguration;
			buildSettings = {
				ALWAYS_SEARCH_USER_PATHS = NO;
				CLANG_ANALYZER_NONNULL = YES;
				CLANG_ANALYZER_NUMBER_OBJECT_CONVERSION = YES_AGGRESSIVE;
				CLANG_CXX_LANGUAGE_STANDARD = "gnu++14";
				CLANG_CXX_LIBRARY = "libc++";
				CLANG_ENABLE_MODULES = YES;
				CLANG_ENABLE_OBJC_ARC = YES;
				CLANG_ENABLE_OBJC_WEAK = YES;
				CLANG_WARN_BLOCK_CAPTURE_AUTORELEASING = YES;
				CLANG_WARN_BOOL_CONVERSION = YES;
				CLANG_WARN_COMMA = YES;
				CLANG_WARN_CONSTANT_CONVERSION = YES;
				CLANG_WARN_DEPRECATED_OBJC_IMPLEMENTATIONS = YES;
				CLANG_WARN_DIRECT_OBJC_ISA_USAGE = YES_ERROR;
				CLANG_WARN_DOCUMENTATION_COMMENTS = YES;
				CLANG_WARN_EMPTY_BODY = YES;
				CLANG_WARN_ENUM_CONVERSION = YES;
				CLANG_WARN_INFINITE_RECURSION = YES;
				CLANG_WARN_INT_CONVERSION = YES;
				CLANG_WARN_NON_LITERAL_NULL_CONVERSION = YES;
				CLANG_WARN_OBJC_IMPLICIT_RETAIN_SELF = YES;
				CLANG_WARN_OBJC_LITERAL_CONVERSION = YES;
				CLANG_WARN_OBJC_ROOT_CLASS = YES_ERROR;
				CLANG_WARN_RANGE_LOOP_ANALYSIS = YES;
				CLANG_WARN_STRICT_PROTOTYPES = YES;
				CLANG_WARN_SUSPICIOUS_MOVE = YES;
				CLANG_WARN_UNGUARDED_AVAILABILITY = YES_AGGRESSIVE;
				CLANG_WARN_UNREACHABLE_CODE = YES;
				CLANG_WARN__DUPLICATE_METHOD_MATCH = YES;
				COPY_PHASE_STRIP = NO;
				DEBUG_INFORMATION_FORMAT = "dwarf-with-dsym";
				ENABLE_NS_ASSERTIONS = NO;
				ENABLE_STRICT_OBJC_MSGSEND = YES;
				GCC_C_LANGUAGE_STANDARD = gnu11;
				GCC_NO_COMMON_BLOCKS = YES;
				GCC_WARN_64_TO_32_BIT_CONVERSION = YES;
				GCC_WARN_ABOUT_RETURN_TYPE = YES_ERROR;
				GCC_WARN_UNDECLARED_SELECTOR = YES;
				GCC_WARN_UNINITIALIZED_AUTOS = YES_AGGRESSIVE;
				GCC_WARN_UNUSED_FUNCTION = YES;
				GCC_WARN_UNUSED_VARIABLE = YES;
				IPHONEOS_DEPLOYMENT_TARGET = 13.4;
				MTL_ENABLE_DEBUG_INFO = NO;
				MTL_FAST_MATH = YES;
				SDKROOT = iphoneos;
				SWIFT_COMPILATION_MODE = wholemodule;
				SWIFT_OPTIMIZATION_LEVEL = "-O";
				VALIDATE_PRODUCT = YES;
			};
			name = Release;
		};
		18C7EE2E243B5EE800546FFD /* Debug */ = {
			isa = XCBuildConfiguration;
			baseConfigurationReference = 97AC8B9656DAC504F54D3AEA /* Pods-RxFlowDemo.debug.xcconfig */;
			buildSettings = {
				ASSETCATALOG_COMPILER_APPICON_NAME = AppIcon;
				CODE_SIGN_STYLE = Automatic;
				DEVELOPMENT_TEAM = M5CCPXL69A;
				INFOPLIST_FILE = RxFlowDemo/Info.plist;
				IPHONEOS_DEPLOYMENT_TARGET = 10.0;
				LD_RUNPATH_SEARCH_PATHS = (
					"$(inherited)",
					"@executable_path/Frameworks",
				);
				PRODUCT_BUNDLE_IDENTIFIER = com.aruzmanov.RxFlowDemo;
				PRODUCT_NAME = "$(TARGET_NAME)";
				SWIFT_VERSION = 5.0;
				TARGETED_DEVICE_FAMILY = "1,2";
			};
			name = Debug;
		};
		18C7EE2F243B5EE800546FFD /* Release */ = {
			isa = XCBuildConfiguration;
			baseConfigurationReference = 46F99AE4BD64A51EE988D996 /* Pods-RxFlowDemo.release.xcconfig */;
			buildSettings = {
				ASSETCATALOG_COMPILER_APPICON_NAME = AppIcon;
				CODE_SIGN_STYLE = Automatic;
				DEVELOPMENT_TEAM = M5CCPXL69A;
				INFOPLIST_FILE = RxFlowDemo/Info.plist;
				IPHONEOS_DEPLOYMENT_TARGET = 10.0;
				LD_RUNPATH_SEARCH_PATHS = (
					"$(inherited)",
					"@executable_path/Frameworks",
				);
				PRODUCT_BUNDLE_IDENTIFIER = com.aruzmanov.RxFlowDemo;
				PRODUCT_NAME = "$(TARGET_NAME)";
				SWIFT_VERSION = 5.0;
				TARGETED_DEVICE_FAMILY = "1,2";
			};
			name = Release;
		};
/* End XCBuildConfiguration section */

/* Begin XCConfigurationList section */
		18C7EE14243B5EE700546FFD /* Build configuration list for PBXProject "RxFlowDemo" */ = {
			isa = XCConfigurationList;
			buildConfigurations = (
				18C7EE2B243B5EE800546FFD /* Debug */,
				18C7EE2C243B5EE800546FFD /* Release */,
			);
			defaultConfigurationIsVisible = 0;
			defaultConfigurationName = Release;
		};
		18C7EE2D243B5EE800546FFD /* Build configuration list for PBXNativeTarget "RxFlowDemo" */ = {
			isa = XCConfigurationList;
			buildConfigurations = (
				18C7EE2E243B5EE800546FFD /* Debug */,
				18C7EE2F243B5EE800546FFD /* Release */,
			);
			defaultConfigurationIsVisible = 0;
			defaultConfigurationName = Release;
		};
/* End XCConfigurationList section */
	};
	rootObject = 18C7EE11243B5EE700546FFD /* Project object */;
}
